# THIS IS AN AUTOGENERATED FILE. DO NOT EDIT THIS FILE DIRECTLY.
# yarn lockfile v1


kafkajs@^2.2.3:
  version "2.2.3"
  resolved "https://registry.yarnpkg.com/kafkajs/-/kafkajs-2.2.3.tgz#a1ab1b7c4a27699871a89b3978b5cfe5b05c6f3e"
  integrity sha512-JmzIiLHE/TdQ7b4I2B/DNMtfhTh66fmEaEg7gGkyQXBC6f1A7I2jSjeUsVIJfC8d9YcEIURyBjtOEKBO5OHVhg==
